
Microsoft Visual Studio Solution File, Format Version 12.00
# Visual Studio Version 16
VisualStudioVersion = 16.0.30717.126
MinimumVisualStudioVersion = 10.0.40219.1
Project("{FAE04EC0-301F-11D3-BF4B-00C04F79EFBC}") = "Turnos", "Turnos\Turnos.csproj", "{70EC3EE0-D0D9-4515-B39E-D5D957DAEC20}"
EndProject
Global
	GlobalSection(SolutionConfigurationPlatforms) = preSolution
		Debug|Any CPU = Debug|Any CPU
		Release|Any CPU = Release|Any CPU
	EndGlobalSection
	GlobalSection(ProjectConfigurationPlatforms) = postSolution
		{70EC3EE0-D0D9-4515-B39E-D5D957DAEC20}.Debug|Any CPU.ActiveCfg = Debug|Any CPU
		{70EC3EE0-D0D9-4515-B39E-D5D957DAEC20}.Debug|Any CPU.Build.0 = Debug|Any CPU
		{70EC3EE0-D0D9-4515-B39E-D5D957DAEC20}.Release|Any CPU.ActiveCfg = Release|Any CPU
		{70EC3EE0-D0D9-4515-B39E-D5D957DAEC20}.Release|Any CPU.Build.0 = Release|Any CPU
	EndGlobalSection
	GlobalSection(SolutionProperties) = preSolution
		HideSolutionNode = FALSE
	EndGlobalSection
	GlobalSection(ExtensibilityGlobals) = postSolution
		SolutionGuid = {1DC6C77F-FCC2-40B2-8615-D81A8C9DB550}
	EndGlobalSection
EndGlobal
